// !$*UTF8*$!
{
	archiveVersion = 1;
	classes = {
	};
	objectVersion = 51;
	objects = {

/* Begin PBXBuildFile section */
		128E6E372199DA96422F9AE8 /* Pods_Speedometer.framework in Frameworks */ = {isa = PBXBuildFile; fileRef = 668CA946E9FA9711F9673E5E /* Pods_Speedometer.framework */; };
		3600D04A2576AB2F00E81A1B /* Localizable.strings in Resources */ = {isa = PBXBuildFile; fileRef = 3600D04C2576AB2F00E81A1B /* Localizable.strings */; };
		3600D06C2576ACB100E81A1B /* Constants.swift in Sources */ = {isa = PBXBuildFile; fileRef = 3600D06B2576ACB100E81A1B /* Constants.swift */; };
		361022992576AE7700299E04 /* AppManager.swift in Sources */ = {isa = PBXBuildFile; fileRef = 361022852576AE7700299E04 /* AppManager.swift */; };
		3610229A2576AE7700299E04 /* UIView.swift in Sources */ = {isa = PBXBuildFile; fileRef = 361022882576AE7700299E04 /* UIView.swift */; };
		3610229B2576AE7700299E04 /* UIDate.swift in Sources */ = {isa = PBXBuildFile; fileRef = 361022892576AE7700299E04 /* UIDate.swift */; };
		3610229C2576AE7700299E04 /* UIStackView.swift in Sources */ = {isa = PBXBuildFile; fileRef = 3610228A2576AE7700299E04 /* UIStackView.swift */; };
		3610229D2576AE7700299E04 /* UIColor.swift in Sources */ = {isa = PBXBuildFile; fileRef = 3610228B2576AE7700299E04 /* UIColor.swift */; };
		3610229E2576AE7700299E04 /* UITableView.swift in Sources */ = {isa = PBXBuildFile; fileRef = 3610228C2576AE7700299E04 /* UITableView.swift */; };
		3610229F2576AE7700299E04 /* UITextfield.swift in Sources */ = {isa = PBXBuildFile; fileRef = 3610228D2576AE7700299E04 /* UITextfield.swift */; };
		361022A02576AE7700299E04 /* UIButton.swift in Sources */ = {isa = PBXBuildFile; fileRef = 3610228E2576AE7700299E04 /* UIButton.swift */; };
		361022A12576AE7700299E04 /* UIViewController.swift in Sources */ = {isa = PBXBuildFile; fileRef = 3610228F2576AE7700299E04 /* UIViewController.swift */; };
		361022A22576AE7700299E04 /* UIImageView.swift in Sources */ = {isa = PBXBuildFile; fileRef = 361022902576AE7700299E04 /* UIImageView.swift */; };
		361022A32576AE7700299E04 /* UIFont.swift in Sources */ = {isa = PBXBuildFile; fileRef = 361022912576AE7700299E04 /* UIFont.swift */; };
		361022A42576AE7700299E04 /* UILabel.swift in Sources */ = {isa = PBXBuildFile; fileRef = 361022922576AE7700299E04 /* UILabel.swift */; };
		361022A52576AE7700299E04 /* UIApplication.swift in Sources */ = {isa = PBXBuildFile; fileRef = 361022932576AE7700299E04 /* UIApplication.swift */; };
		361022A62576AE7700299E04 /* UITextView.swift in Sources */ = {isa = PBXBuildFile; fileRef = 361022942576AE7700299E04 /* UITextView.swift */; };
		361022A72576AE7700299E04 /* Encodable.swift in Sources */ = {isa = PBXBuildFile; fileRef = 361022962576AE7700299E04 /* Encodable.swift */; };
		361022A82576AE7700299E04 /* String.swift in Sources */ = {isa = PBXBuildFile; fileRef = 361022972576AE7700299E04 /* String.swift */; };
		361022A92576AE7700299E04 /* Dictonary.swift in Sources */ = {isa = PBXBuildFile; fileRef = 361022982576AE7700299E04 /* Dictonary.swift */; };
		361022AD2576AEC300299E04 /* MKGridentEnum.swift in Sources */ = {isa = PBXBuildFile; fileRef = 361022AC2576AEC300299E04 /* MKGridentEnum.swift */; };
		361022B22576AF4D00299E04 /* CoreRealm.swift in Sources */ = {isa = PBXBuildFile; fileRef = 361022B12576AF4D00299E04 /* CoreRealm.swift */; };
		361022B82576AF8100299E04 /* AnimatedSplashViewController.swift in Sources */ = {isa = PBXBuildFile; fileRef = 361022B62576AF8100299E04 /* AnimatedSplashViewController.swift */; };
		361022BD2576AF9900299E04 /* LoadingView.swift in Sources */ = {isa = PBXBuildFile; fileRef = 361022BC2576AF9900299E04 /* LoadingView.swift */; };
		361022C32576AFBF00299E04 /* RootSelector.swift in Sources */ = {isa = PBXBuildFile; fileRef = 361022C02576AFBE00299E04 /* RootSelector.swift */; };
		361022C42576AFBF00299E04 /* Tabbar.swift in Sources */ = {isa = PBXBuildFile; fileRef = 361022C22576AFBF00299E04 /* Tabbar.swift */; };
		361022E12576B64D00299E04 /* AppDelegatePushNotification.swift in Sources */ = {isa = PBXBuildFile; fileRef = 361022E02576B64D00299E04 /* AppDelegatePushNotification.swift */; };
		361023002576B8FA00299E04 /* giphy.gif in Resources */ = {isa = PBXBuildFile; fileRef = 361022FF2576B8FA00299E04 /* giphy.gif */; };
		36894E0A25758DF8002FBC49 /* Test.plist in Resources */ = {isa = PBXBuildFile; fileRef = 36894E0725758DF8002FBC49 /* Test.plist */; };
		36894E0B25758DF8002FBC49 /* Debug.plist in Resources */ = {isa = PBXBuildFile; fileRef = 36894E0825758DF8002FBC49 /* Debug.plist */; };
		36894E0C25758DF8002FBC49 /* Release.plist in Resources */ = {isa = PBXBuildFile; fileRef = 36894E0925758DF8002FBC49 /* Release.plist */; };
		36C6C20425756763008D66D5 /* AppDelegate.swift in Sources */ = {isa = PBXBuildFile; fileRef = 36C6C20325756763008D66D5 /* AppDelegate.swift */; };
		36C6C20625756763008D66D5 /* SceneDelegate.swift in Sources */ = {isa = PBXBuildFile; fileRef = 36C6C20525756763008D66D5 /* SceneDelegate.swift */; };
		36C6C21025756765008D66D5 /* LaunchScreen.storyboard in Resources */ = {isa = PBXBuildFile; fileRef = 36C6C20E25756765008D66D5 /* LaunchScreen.storyboard */; };
		36C6C22D25756DC6008D66D5 /* Icon.xcassets in Resources */ = {isa = PBXBuildFile; fileRef = 36C6C22C25756DC6008D66D5 /* Icon.xcassets */; };
		36C6C23025756DD1008D66D5 /* Image.xcassets in Resources */ = {isa = PBXBuildFile; fileRef = 36C6C22F25756DD1008D66D5 /* Image.xcassets */; };
		36C6C23325756DDB008D66D5 /* Color.xcassets in Resources */ = {isa = PBXBuildFile; fileRef = 36C6C23225756DDB008D66D5 /* Color.xcassets */; };
		36C6C24A2575708E008D66D5 /* TestVC.swift in Sources */ = {isa = PBXBuildFile; fileRef = 36C6C2492575708E008D66D5 /* TestVC.swift */; };
		36C6C28B25757B36008D66D5 /* GoogleService-Info.plist in Resources */ = {isa = PBXBuildFile; fileRef = 36C6C28A25757B36008D66D5 /* GoogleService-Info.plist */; };
/* End PBXBuildFile section */

/* Begin PBXFileReference section */
		3600D0442576AA5600E81A1B /* en */ = {isa = PBXFileReference; lastKnownFileType = file.storyboard; name = en; path = en.lproj/LaunchScreen.storyboard; sourceTree = "<group>"; };
		3600D0452576AA5E00E81A1B /* tr */ = {isa = PBXFileReference; lastKnownFileType = file.storyboard; name = tr; path = tr.lproj/LaunchScreen.storyboard; sourceTree = "<group>"; };
		3600D04B2576AB2F00E81A1B /* en */ = {isa = PBXFileReference; lastKnownFileType = text.plist.strings; name = en; path = en.lproj/Localizable.strings; sourceTree = "<group>"; };
		3600D04E2576AB3300E81A1B /* tr */ = {isa = PBXFileReference; lastKnownFileType = text.plist.strings; name = tr; path = tr.lproj/Localizable.strings; sourceTree = "<group>"; };
		3600D06B2576ACB100E81A1B /* Constants.swift */ = {isa = PBXFileReference; lastKnownFileType = sourcecode.swift; path = Constants.swift; sourceTree = "<group>"; };
		361022852576AE7700299E04 /* AppManager.swift */ = {isa = PBXFileReference; fileEncoding = 4; lastKnownFileType = sourcecode.swift; path = AppManager.swift; sourceTree = "<group>"; };
		361022882576AE7700299E04 /* UIView.swift */ = {isa = PBXFileReference; fileEncoding = 4; lastKnownFileType = sourcecode.swift; path = UIView.swift; sourceTree = "<group>"; };
		361022892576AE7700299E04 /* UIDate.swift */ = {isa = PBXFileReference; fileEncoding = 4; lastKnownFileType = sourcecode.swift; path = UIDate.swift; sourceTree = "<group>"; };
		3610228A2576AE7700299E04 /* UIStackView.swift */ = {isa = PBXFileReference; fileEncoding = 4; lastKnownFileType = sourcecode.swift; path = UIStackView.swift; sourceTree = "<group>"; };
		3610228B2576AE7700299E04 /* UIColor.swift */ = {isa = PBXFileReference; fileEncoding = 4; lastKnownFileType = sourcecode.swift; path = UIColor.swift; sourceTree = "<group>"; };
		3610228C2576AE7700299E04 /* UITableView.swift */ = {isa = PBXFileReference; fileEncoding = 4; lastKnownFileType = sourcecode.swift; path = UITableView.swift; sourceTree = "<group>"; };
		3610228D2576AE7700299E04 /* UITextfield.swift */ = {isa = PBXFileReference; fileEncoding = 4; lastKnownFileType = sourcecode.swift; path = UITextfield.swift; sourceTree = "<group>"; };
		3610228E2576AE7700299E04 /* UIButton.swift */ = {isa = PBXFileReference; fileEncoding = 4; lastKnownFileType = sourcecode.swift; path = UIButton.swift; sourceTree = "<group>"; };
		3610228F2576AE7700299E04 /* UIViewController.swift */ = {isa = PBXFileReference; fileEncoding = 4; lastKnownFileType = sourcecode.swift; path = UIViewController.swift; sourceTree = "<group>"; };
		361022902576AE7700299E04 /* UIImageView.swift */ = {isa = PBXFileReference; fileEncoding = 4; lastKnownFileType = sourcecode.swift; path = UIImageView.swift; sourceTree = "<group>"; };
		361022912576AE7700299E04 /* UIFont.swift */ = {isa = PBXFileReference; fileEncoding = 4; lastKnownFileType = sourcecode.swift; path = UIFont.swift; sourceTree = "<group>"; };
		361022922576AE7700299E04 /* UILabel.swift */ = {isa = PBXFileReference; fileEncoding = 4; lastKnownFileType = sourcecode.swift; path = UILabel.swift; sourceTree = "<group>"; };
		361022932576AE7700299E04 /* UIApplication.swift */ = {isa = PBXFileReference; fileEncoding = 4; lastKnownFileType = sourcecode.swift; path = UIApplication.swift; sourceTree = "<group>"; };
		361022942576AE7700299E04 /* UITextView.swift */ = {isa = PBXFileReference; fileEncoding = 4; lastKnownFileType = sourcecode.swift; path = UITextView.swift; sourceTree = "<group>"; };
		361022962576AE7700299E04 /* Encodable.swift */ = {isa = PBXFileReference; fileEncoding = 4; lastKnownFileType = sourcecode.swift; path = Encodable.swift; sourceTree = "<group>"; };
		361022972576AE7700299E04 /* String.swift */ = {isa = PBXFileReference; fileEncoding = 4; lastKnownFileType = sourcecode.swift; path = String.swift; sourceTree = "<group>"; };
		361022982576AE7700299E04 /* Dictonary.swift */ = {isa = PBXFileReference; fileEncoding = 4; lastKnownFileType = sourcecode.swift; path = Dictonary.swift; sourceTree = "<group>"; };
		361022AC2576AEC300299E04 /* MKGridentEnum.swift */ = {isa = PBXFileReference; fileEncoding = 4; lastKnownFileType = sourcecode.swift; path = MKGridentEnum.swift; sourceTree = "<group>"; };
		361022B12576AF4D00299E04 /* CoreRealm.swift */ = {isa = PBXFileReference; fileEncoding = 4; lastKnownFileType = sourcecode.swift; path = CoreRealm.swift; sourceTree = "<group>"; };
		361022B62576AF8100299E04 /* AnimatedSplashViewController.swift */ = {isa = PBXFileReference; fileEncoding = 4; lastKnownFileType = sourcecode.swift; path = AnimatedSplashViewController.swift; sourceTree = "<group>"; };
		361022BC2576AF9900299E04 /* LoadingView.swift */ = {isa = PBXFileReference; fileEncoding = 4; lastKnownFileType = sourcecode.swift; path = LoadingView.swift; sourceTree = "<group>"; };
		361022C02576AFBE00299E04 /* RootSelector.swift */ = {isa = PBXFileReference; fileEncoding = 4; lastKnownFileType = sourcecode.swift; path = RootSelector.swift; sourceTree = "<group>"; };
		361022C22576AFBF00299E04 /* Tabbar.swift */ = {isa = PBXFileReference; fileEncoding = 4; lastKnownFileType = sourcecode.swift; path = Tabbar.swift; sourceTree = "<group>"; };
		361022E02576B64D00299E04 /* AppDelegatePushNotification.swift */ = {isa = PBXFileReference; fileEncoding = 4; lastKnownFileType = sourcecode.swift; path = AppDelegatePushNotification.swift; sourceTree = "<group>"; };
		361022FF2576B8FA00299E04 /* giphy.gif */ = {isa = PBXFileReference; lastKnownFileType = image.gif; path = giphy.gif; sourceTree = "<group>"; };
		3610233D2576BB8800299E04 /* Speedometer.entitlements */ = {isa = PBXFileReference; lastKnownFileType = text.plist.entitlements; path = Speedometer.entitlements; sourceTree = "<group>"; };
		36894E0725758DF8002FBC49 /* Test.plist */ = {isa = PBXFileReference; fileEncoding = 4; lastKnownFileType = text.plist.xml; path = Test.plist; sourceTree = "<group>"; };
		36894E0825758DF8002FBC49 /* Debug.plist */ = {isa = PBXFileReference; fileEncoding = 4; lastKnownFileType = text.plist.xml; path = Debug.plist; sourceTree = "<group>"; };
		36894E0925758DF8002FBC49 /* Release.plist */ = {isa = PBXFileReference; fileEncoding = 4; lastKnownFileType = text.plist.xml; path = Release.plist; sourceTree = "<group>"; };
		36C6C20025756763008D66D5 /* Debug.app */ = {isa = PBXFileReference; explicitFileType = wrapper.application; includeInIndex = 0; path = Debug.app; sourceTree = BUILT_PRODUCTS_DIR; };
		36C6C20325756763008D66D5 /* AppDelegate.swift */ = {isa = PBXFileReference; lastKnownFileType = sourcecode.swift; path = AppDelegate.swift; sourceTree = "<group>"; };
		36C6C20525756763008D66D5 /* SceneDelegate.swift */ = {isa = PBXFileReference; lastKnownFileType = sourcecode.swift; path = SceneDelegate.swift; sourceTree = "<group>"; };
		36C6C22C25756DC6008D66D5 /* Icon.xcassets */ = {isa = PBXFileReference; lastKnownFileType = folder.assetcatalog; path = Icon.xcassets; sourceTree = "<group>"; };
		36C6C22F25756DD1008D66D5 /* Image.xcassets */ = {isa = PBXFileReference; lastKnownFileType = folder.assetcatalog; path = Image.xcassets; sourceTree = "<group>"; };
		36C6C23225756DDB008D66D5 /* Color.xcassets */ = {isa = PBXFileReference; lastKnownFileType = folder.assetcatalog; path = Color.xcassets; sourceTree = "<group>"; };
		36C6C2492575708E008D66D5 /* TestVC.swift */ = {isa = PBXFileReference; lastKnownFileType = sourcecode.swift; path = TestVC.swift; sourceTree = "<group>"; };
		36C6C28A25757B36008D66D5 /* GoogleService-Info.plist */ = {isa = PBXFileReference; fileEncoding = 4; lastKnownFileType = text.plist.xml; path = "GoogleService-Info.plist"; sourceTree = "<group>"; };
		668CA946E9FA9711F9673E5E /* Pods_Speedometer.framework */ = {isa = PBXFileReference; explicitFileType = wrapper.framework; includeInIndex = 0; path = Pods_Speedometer.framework; sourceTree = BUILT_PRODUCTS_DIR; };
		86EED105F0D37BF218F5609C /* Pods-Speedometer.debug.xcconfig */ = {isa = PBXFileReference; includeInIndex = 1; lastKnownFileType = text.xcconfig; name = "Pods-Speedometer.debug.xcconfig"; path = "Target Support Files/Pods-Speedometer/Pods-Speedometer.debug.xcconfig"; sourceTree = "<group>"; };
		E405900AE501ECB8EAE8E6F1 /* Pods-Speedometer.test.xcconfig */ = {isa = PBXFileReference; includeInIndex = 1; lastKnownFileType = text.xcconfig; name = "Pods-Speedometer.test.xcconfig"; path = "Target Support Files/Pods-Speedometer/Pods-Speedometer.test.xcconfig"; sourceTree = "<group>"; };
		FE02E3D6AC3CDBA28042F2D4 /* Pods-Speedometer.release.xcconfig */ = {isa = PBXFileReference; includeInIndex = 1; lastKnownFileType = text.xcconfig; name = "Pods-Speedometer.release.xcconfig"; path = "Target Support Files/Pods-Speedometer/Pods-Speedometer.release.xcconfig"; sourceTree = "<group>"; };
/* End PBXFileReference section */

/* Begin PBXFrameworksBuildPhase section */
		36C6C1FD25756763008D66D5 /* Frameworks */ = {
			isa = PBXFrameworksBuildPhase;
			buildActionMask = 2147483647;
			files = (
				128E6E372199DA96422F9AE8 /* Pods_Speedometer.framework in Frameworks */,
			);
			runOnlyForDeploymentPostprocessing = 0;
		};
/* End PBXFrameworksBuildPhase section */

/* Begin PBXGroup section */
		3600D0432576AA2100E81A1B /* Language Files */ = {
			isa = PBXGroup;
			children = (
				3600D04C2576AB2F00E81A1B /* Localizable.strings */,
			);
			path = "Language Files";
			sourceTree = "<group>";
		};
		3600D06A2576AC9C00E81A1B /* Constants */ = {
			isa = PBXGroup;
			children = (
				3600D06B2576ACB100E81A1B /* Constants.swift */,
			);
			path = Constants;
			sourceTree = "<group>";
		};
		361022842576AE7700299E04 /* Shared */ = {
			isa = PBXGroup;
			children = (
				361022852576AE7700299E04 /* AppManager.swift */,
			);
			path = Shared;
			sourceTree = "<group>";
		};
		361022862576AE7700299E04 /* Extension */ = {
			isa = PBXGroup;
			children = (
				361022872576AE7700299E04 /* UIKit */,
				361022952576AE7700299E04 /* Foundation */,
			);
			path = Extension;
			sourceTree = "<group>";
		};
		361022872576AE7700299E04 /* UIKit */ = {
			isa = PBXGroup;
			children = (
				361022882576AE7700299E04 /* UIView.swift */,
				361022892576AE7700299E04 /* UIDate.swift */,
				3610228A2576AE7700299E04 /* UIStackView.swift */,
				3610228B2576AE7700299E04 /* UIColor.swift */,
				3610228C2576AE7700299E04 /* UITableView.swift */,
				3610228D2576AE7700299E04 /* UITextfield.swift */,
				3610228E2576AE7700299E04 /* UIButton.swift */,
				3610228F2576AE7700299E04 /* UIViewController.swift */,
				361022902576AE7700299E04 /* UIImageView.swift */,
				361022912576AE7700299E04 /* UIFont.swift */,
				361022922576AE7700299E04 /* UILabel.swift */,
				361022932576AE7700299E04 /* UIApplication.swift */,
				361022942576AE7700299E04 /* UITextView.swift */,
			);
			path = UIKit;
			sourceTree = "<group>";
		};
		361022952576AE7700299E04 /* Foundation */ = {
			isa = PBXGroup;
			children = (
				361022962576AE7700299E04 /* Encodable.swift */,
				361022972576AE7700299E04 /* String.swift */,
				361022982576AE7700299E04 /* Dictonary.swift */,
			);
			path = Foundation;
			sourceTree = "<group>";
		};
		361022AB2576AEC300299E04 /* Enums */ = {
			isa = PBXGroup;
			children = (
				361022AC2576AEC300299E04 /* MKGridentEnum.swift */,
			);
			path = Enums;
			sourceTree = "<group>";
		};
		361022AF2576AF4400299E04 /* Core */ = {
			isa = PBXGroup;
			children = (
				361022B02576AF4D00299E04 /* CoreRealm */,
			);
			path = Core;
			sourceTree = "<group>";
		};
		361022B02576AF4D00299E04 /* CoreRealm */ = {
			isa = PBXGroup;
			children = (
				361022B12576AF4D00299E04 /* CoreRealm.swift */,
			);
			path = CoreRealm;
			sourceTree = "<group>";
		};
		361022B42576AF6C00299E04 /* Custom Views */ = {
			isa = PBXGroup;
			children = (
				361022BB2576AF9900299E04 /* LoadingView */,
				361022B52576AF8100299E04 /* Animated Splash Screen */,
			);
			path = "Custom Views";
			sourceTree = "<group>";
		};
		361022B52576AF8100299E04 /* Animated Splash Screen */ = {
			isa = PBXGroup;
			children = (
				361022B62576AF8100299E04 /* AnimatedSplashViewController.swift */,
				361022FF2576B8FA00299E04 /* giphy.gif */,
			);
			path = "Animated Splash Screen";
			sourceTree = "<group>";
		};
		361022BB2576AF9900299E04 /* LoadingView */ = {
			isa = PBXGroup;
			children = (
				361022BC2576AF9900299E04 /* LoadingView.swift */,
			);
			path = LoadingView;
			sourceTree = "<group>";
		};
		361022BF2576AFBE00299E04 /* Root Selector */ = {
			isa = PBXGroup;
			children = (
				361022C02576AFBE00299E04 /* RootSelector.swift */,
			);
			path = "Root Selector";
			sourceTree = "<group>";
		};
		361022C12576AFBF00299E04 /* Tabbar */ = {
			isa = PBXGroup;
			children = (
				361022C22576AFBF00299E04 /* Tabbar.swift */,
			);
			path = Tabbar;
			sourceTree = "<group>";
		};
		361023412576C52B00299E04 /* Push Notifications */ = {
			isa = PBXGroup;
			children = (
			);
			path = "Push Notifications";
			sourceTree = "<group>";
		};
		36C6C1F725756763008D66D5 = {
			isa = PBXGroup;
			children = (
				36C6C20225756763008D66D5 /* Speedometer */,
				36C6C20125756763008D66D5 /* Products */,
				8973944C8E31E5415748A3BA /* Pods */,
				ED8937F82E97D6C9F8800E1A /* Frameworks */,
			);
			sourceTree = "<group>";
		};
		36C6C20125756763008D66D5 /* Products */ = {
			isa = PBXGroup;
			children = (
				36C6C20025756763008D66D5 /* Debug.app */,
			);
			name = Products;
			sourceTree = "<group>";
		};
		36C6C20225756763008D66D5 /* Speedometer */ = {
			isa = PBXGroup;
			children = (
				3610233D2576BB8800299E04 /* Speedometer.entitlements */,
				361022B42576AF6C00299E04 /* Custom Views */,
				361022AF2576AF4400299E04 /* Core */,
				361022AB2576AEC300299E04 /* Enums */,
				361022862576AE7700299E04 /* Extension */,
				361022842576AE7700299E04 /* Shared */,
				36C6C22725756DA6008D66D5 /* Supporting Files */,
				36C6C20325756763008D66D5 /* AppDelegate.swift */,
				36C6C20525756763008D66D5 /* SceneDelegate.swift */,
				361022E02576B64D00299E04 /* AppDelegatePushNotification.swift */,
				36C6C20E25756765008D66D5 /* LaunchScreen.storyboard */,
				36C6C2492575708E008D66D5 /* TestVC.swift */,
				36C6C28A25757B36008D66D5 /* GoogleService-Info.plist */,
			);
			path = Speedometer;
			sourceTree = "<group>";
		};
		36C6C22725756DA6008D66D5 /* Supporting Files */ = {
			isa = PBXGroup;
			children = (
				361022BF2576AFBE00299E04 /* Root Selector */,
				361022C12576AFBF00299E04 /* Tabbar */,
				3600D06A2576AC9C00E81A1B /* Constants */,
				3600D0432576AA2100E81A1B /* Language Files */,
				36C6C22A25756DB8008D66D5 /* Assets */,
				36C6C22925756DB3008D66D5 /* Firebase */,
				36C6C22825756DAD008D66D5 /* Plist */,
			);
			path = "Supporting Files";
			sourceTree = "<group>";
		};
		36C6C22825756DAD008D66D5 /* Plist */ = {
			isa = PBXGroup;
			children = (
				36894E0825758DF8002FBC49 /* Debug.plist */,
				36894E0925758DF8002FBC49 /* Release.plist */,
				36894E0725758DF8002FBC49 /* Test.plist */,
			);
			path = Plist;
			sourceTree = "<group>";
		};
		36C6C22925756DB3008D66D5 /* Firebase */ = {
			isa = PBXGroup;
			children = (
				361023412576C52B00299E04 /* Push Notifications */,
			);
			path = Firebase;
			sourceTree = "<group>";
		};
		36C6C22A25756DB8008D66D5 /* Assets */ = {
			isa = PBXGroup;
			children = (
				36C6C22C25756DC6008D66D5 /* Icon.xcassets */,
				36C6C22F25756DD1008D66D5 /* Image.xcassets */,
				36C6C23225756DDB008D66D5 /* Color.xcassets */,
			);
			path = Assets;
			sourceTree = "<group>";
		};
		8973944C8E31E5415748A3BA /* Pods */ = {
			isa = PBXGroup;
			children = (
				86EED105F0D37BF218F5609C /* Pods-Speedometer.debug.xcconfig */,
				FE02E3D6AC3CDBA28042F2D4 /* Pods-Speedometer.release.xcconfig */,
				E405900AE501ECB8EAE8E6F1 /* Pods-Speedometer.test.xcconfig */,
			);
			path = Pods;
			sourceTree = "<group>";
		};
		ED8937F82E97D6C9F8800E1A /* Frameworks */ = {
			isa = PBXGroup;
			children = (
				668CA946E9FA9711F9673E5E /* Pods_Speedometer.framework */,
			);
			name = Frameworks;
			sourceTree = "<group>";
		};
/* End PBXGroup section */

/* Begin PBXNativeTarget section */
		36C6C1FF25756763008D66D5 /* Speedometer */ = {
			isa = PBXNativeTarget;
			buildConfigurationList = 36C6C21425756765008D66D5 /* Build configuration list for PBXNativeTarget "Speedometer" */;
			buildPhases = (
				2922B9A5C18314E5E896341C /* [CP] Check Pods Manifest.lock */,
				36C6C1FC25756763008D66D5 /* Sources */,
				36C6C1FD25756763008D66D5 /* Frameworks */,
				36C6C1FE25756763008D66D5 /* Resources */,
				36894E1125758EE2002FBC49 /* ShellScript */,
				7AA1405BF048A67C856119D9 /* [CP] Embed Pods Frameworks */,
			);
			buildRules = (
			);
			dependencies = (
			);
			name = Speedometer;
			productName = Speedometer;
			productReference = 36C6C20025756763008D66D5 /* Debug.app */;
			productType = "com.apple.product-type.application";
		};
/* End PBXNativeTarget section */

/* Begin PBXProject section */
		36C6C1F825756763008D66D5 /* Project object */ = {
			isa = PBXProject;
			attributes = {
				LastSwiftUpdateCheck = 1220;
				LastUpgradeCheck = 1220;
				TargetAttributes = {
					36C6C1FF25756763008D66D5 = {
						CreatedOnToolsVersion = 12.2;
					};
				};
			};
			buildConfigurationList = 36C6C1FB25756763008D66D5 /* Build configuration list for PBXProject "Speedometer" */;
			compatibilityVersion = "Xcode 9.3";
			developmentRegion = en;
			hasScannedForEncodings = 0;
			knownRegions = (
				en,
				tr,
			);
			mainGroup = 36C6C1F725756763008D66D5;
			productRefGroup = 36C6C20125756763008D66D5 /* Products */;
			projectDirPath = "";
			projectRoot = "";
			targets = (
				36C6C1FF25756763008D66D5 /* Speedometer */,
			);
		};
/* End PBXProject section */

/* Begin PBXResourcesBuildPhase section */
		36C6C1FE25756763008D66D5 /* Resources */ = {
			isa = PBXResourcesBuildPhase;
			buildActionMask = 2147483647;
			files = (
				361023002576B8FA00299E04 /* giphy.gif in Resources */,
				36894E0C25758DF8002FBC49 /* Release.plist in Resources */,
				36C6C22D25756DC6008D66D5 /* Icon.xcassets in Resources */,
				36C6C23325756DDB008D66D5 /* Color.xcassets in Resources */,
				36C6C28B25757B36008D66D5 /* GoogleService-Info.plist in Resources */,
				36C6C23025756DD1008D66D5 /* Image.xcassets in Resources */,
				3600D04A2576AB2F00E81A1B /* Localizable.strings in Resources */,
				36894E0A25758DF8002FBC49 /* Test.plist in Resources */,
				36894E0B25758DF8002FBC49 /* Debug.plist in Resources */,
				36C6C21025756765008D66D5 /* LaunchScreen.storyboard in Resources */,
			);
			runOnlyForDeploymentPostprocessing = 0;
		};
/* End PBXResourcesBuildPhase section */

/* Begin PBXShellScriptBuildPhase section */
		2922B9A5C18314E5E896341C /* [CP] Check Pods Manifest.lock */ = {
			isa = PBXShellScriptBuildPhase;
			buildActionMask = 2147483647;
			files = (
			);
			inputFileListPaths = (
			);
			inputPaths = (
				"${PODS_PODFILE_DIR_PATH}/Podfile.lock",
				"${PODS_ROOT}/Manifest.lock",
			);
			name = "[CP] Check Pods Manifest.lock";
			outputFileListPaths = (
			);
			outputPaths = (
				"$(DERIVED_FILE_DIR)/Pods-Speedometer-checkManifestLockResult.txt",
			);
			runOnlyForDeploymentPostprocessing = 0;
			shellPath = /bin/sh;
			shellScript = "diff \"${PODS_PODFILE_DIR_PATH}/Podfile.lock\" \"${PODS_ROOT}/Manifest.lock\" > /dev/null\nif [ $? != 0 ] ; then\n    # print error to STDERR\n    echo \"error: The sandbox is not in sync with the Podfile.lock. Run 'pod install' or update your CocoaPods installation.\" >&2\n    exit 1\nfi\n# This output is used by Xcode 'outputs' to avoid re-running this script phase.\necho \"SUCCESS\" > \"${SCRIPT_OUTPUT_FILE_0}\"\n";
			showEnvVarsInLog = 0;
		};
		36894E1125758EE2002FBC49 /* ShellScript */ = {
			isa = PBXShellScriptBuildPhase;
			buildActionMask = 2147483647;
			files = (
			);
			inputFileListPaths = (
			);
			inputPaths = (
				"${DWARF_DSYM_FOLDER_PATH}/${DWARF_DSYM_FILE_NAME}/Contents/Resources/DWARF/${TARGET_NAME}",
				"$(SRCROOT)/$(BUILT_PRODUCTS_DIR)/$(INFOPLIST_PATH)",
			);
			outputFileListPaths = (
			);
			outputPaths = (
			);
			runOnlyForDeploymentPostprocessing = 0;
			shellPath = /bin/sh;
			shellScript = "\"${PODS_ROOT}/FirebaseCrashlytics/run\"\n";
		};
		7AA1405BF048A67C856119D9 /* [CP] Embed Pods Frameworks */ = {
			isa = PBXShellScriptBuildPhase;
			buildActionMask = 2147483647;
			files = (
			);
			inputFileListPaths = (
				"${PODS_ROOT}/Target Support Files/Pods-Speedometer/Pods-Speedometer-frameworks-${CONFIGURATION}-input-files.xcfilelist",
			);
			name = "[CP] Embed Pods Frameworks";
			outputFileListPaths = (
				"${PODS_ROOT}/Target Support Files/Pods-Speedometer/Pods-Speedometer-frameworks-${CONFIGURATION}-output-files.xcfilelist",
			);
			runOnlyForDeploymentPostprocessing = 0;
			shellPath = /bin/sh;
			shellScript = "\"${PODS_ROOT}/Target Support Files/Pods-Speedometer/Pods-Speedometer-frameworks.sh\"\n";
			showEnvVarsInLog = 0;
		};
/* End PBXShellScriptBuildPhase section */

/* Begin PBXSourcesBuildPhase section */
		36C6C1FC25756763008D66D5 /* Sources */ = {
			isa = PBXSourcesBuildPhase;
			buildActionMask = 2147483647;
			files = (
				3610229B2576AE7700299E04 /* UIDate.swift in Sources */,
				36C6C20425756763008D66D5 /* AppDelegate.swift in Sources */,
				361022B82576AF8100299E04 /* AnimatedSplashViewController.swift in Sources */,
				361022A82576AE7700299E04 /* String.swift in Sources */,
				361022A22576AE7700299E04 /* UIImageView.swift in Sources */,
				361022992576AE7700299E04 /* AppManager.swift in Sources */,
				3610229C2576AE7700299E04 /* UIStackView.swift in Sources */,
				3610229D2576AE7700299E04 /* UIColor.swift in Sources */,
				361022A42576AE7700299E04 /* UILabel.swift in Sources */,
				36C6C24A2575708E008D66D5 /* TestVC.swift in Sources */,
				36C6C20625756763008D66D5 /* SceneDelegate.swift in Sources */,
				361022A32576AE7700299E04 /* UIFont.swift in Sources */,
				361022C42576AFBF00299E04 /* Tabbar.swift in Sources */,
				361022E12576B64D00299E04 /* AppDelegatePushNotification.swift in Sources */,
				361022A12576AE7700299E04 /* UIViewController.swift in Sources */,
				361022A52576AE7700299E04 /* UIApplication.swift in Sources */,
				361022A92576AE7700299E04 /* Dictonary.swift in Sources */,
				3610229E2576AE7700299E04 /* UITableView.swift in Sources */,
				361022B22576AF4D00299E04 /* CoreRealm.swift in Sources */,
				361022A62576AE7700299E04 /* UITextView.swift in Sources */,
				361022BD2576AF9900299E04 /* LoadingView.swift in Sources */,
				3610229A2576AE7700299E04 /* UIView.swift in Sources */,
				361022A72576AE7700299E04 /* Encodable.swift in Sources */,
				3610229F2576AE7700299E04 /* UITextfield.swift in Sources */,
				3600D06C2576ACB100E81A1B /* Constants.swift in Sources */,
				361022AD2576AEC300299E04 /* MKGridentEnum.swift in Sources */,
				361022C32576AFBF00299E04 /* RootSelector.swift in Sources */,
				361022A02576AE7700299E04 /* UIButton.swift in Sources */,
			);
			runOnlyForDeploymentPostprocessing = 0;
		};
/* End PBXSourcesBuildPhase section */

/* Begin PBXVariantGroup section */
		3600D04C2576AB2F00E81A1B /* Localizable.strings */ = {
			isa = PBXVariantGroup;
			children = (
				3600D04B2576AB2F00E81A1B /* en */,
				3600D04E2576AB3300E81A1B /* tr */,
			);
			name = Localizable.strings;
			sourceTree = "<group>";
		};
		36C6C20E25756765008D66D5 /* LaunchScreen.storyboard */ = {
			isa = PBXVariantGroup;
			children = (
				3600D0442576AA5600E81A1B /* en */,
				3600D0452576AA5E00E81A1B /* tr */,
			);
			name = LaunchScreen.storyboard;
			sourceTree = "<group>";
		};
/* End PBXVariantGroup section */

/* Begin XCBuildConfiguration section */
		36C6C21225756765008D66D5 /* Debug */ = {
			isa = XCBuildConfiguration;
			buildSettings = {
				ALWAYS_SEARCH_USER_PATHS = NO;
				CLANG_ANALYZER_LOCALIZABILITY_NONLOCALIZED = YES;
				CLANG_ANALYZER_NONNULL = YES;
				CLANG_ANALYZER_NUMBER_OBJECT_CONVERSION = YES_AGGRESSIVE;
				CLANG_CXX_LANGUAGE_STANDARD = "gnu++14";
				CLANG_CXX_LIBRARY = "libc++";
				CLANG_ENABLE_MODULES = YES;
				CLANG_ENABLE_OBJC_ARC = YES;
				CLANG_ENABLE_OBJC_WEAK = YES;
				CLANG_WARN_BLOCK_CAPTURE_AUTORELEASING = YES;
				CLANG_WARN_BOOL_CONVERSION = YES;
				CLANG_WARN_COMMA = YES;
				CLANG_WARN_CONSTANT_CONVERSION = YES;
				CLANG_WARN_DEPRECATED_OBJC_IMPLEMENTATIONS = YES;
				CLANG_WARN_DIRECT_OBJC_ISA_USAGE = YES_ERROR;
				CLANG_WARN_DOCUMENTATION_COMMENTS = YES;
				CLANG_WARN_EMPTY_BODY = YES;
				CLANG_WARN_ENUM_CONVERSION = YES;
				CLANG_WARN_INFINITE_RECURSION = YES;
				CLANG_WARN_INT_CONVERSION = YES;
				CLANG_WARN_NON_LITERAL_NULL_CONVERSION = YES;
				CLANG_WARN_OBJC_IMPLICIT_RETAIN_SELF = YES;
				CLANG_WARN_OBJC_LITERAL_CONVERSION = YES;
				CLANG_WARN_OBJC_ROOT_CLASS = YES_ERROR;
				CLANG_WARN_QUOTED_INCLUDE_IN_FRAMEWORK_HEADER = YES;
				CLANG_WARN_RANGE_LOOP_ANALYSIS = YES;
				CLANG_WARN_STRICT_PROTOTYPES = YES;
				CLANG_WARN_SUSPICIOUS_MOVE = YES;
				CLANG_WARN_UNGUARDED_AVAILABILITY = YES_AGGRESSIVE;
				CLANG_WARN_UNREACHABLE_CODE = YES;
				CLANG_WARN__DUPLICATE_METHOD_MATCH = YES;
				COPY_PHASE_STRIP = NO;
				DEBUG_INFORMATION_FORMAT = dwarf;
				ENABLE_STRICT_OBJC_MSGSEND = YES;
				ENABLE_TESTABILITY = YES;
				GCC_C_LANGUAGE_STANDARD = gnu11;
				GCC_DYNAMIC_NO_PIC = NO;
				GCC_NO_COMMON_BLOCKS = YES;
				GCC_OPTIMIZATION_LEVEL = 0;
				GCC_PREPROCESSOR_DEFINITIONS = (
					"DEBUG=1",
					"$(inherited)",
				);
				GCC_WARN_64_TO_32_BIT_CONVERSION = YES;
				GCC_WARN_ABOUT_RETURN_TYPE = YES_ERROR;
				GCC_WARN_UNDECLARED_SELECTOR = YES;
				GCC_WARN_UNINITIALIZED_AUTOS = YES_AGGRESSIVE;
				GCC_WARN_UNUSED_FUNCTION = YES;
				GCC_WARN_UNUSED_VARIABLE = YES;
				IPHONEOS_DEPLOYMENT_TARGET = 12.0;
				MTL_ENABLE_DEBUG_INFO = INCLUDE_SOURCE;
				MTL_FAST_MATH = YES;
				ONLY_ACTIVE_ARCH = YES;
				SDKROOT = iphoneos;
				SWIFT_ACTIVE_COMPILATION_CONDITIONS = DEBUG;
				SWIFT_OPTIMIZATION_LEVEL = "-Onone";
			};
			name = Debug;
		};
		36C6C21325756765008D66D5 /* Release */ = {
			isa = XCBuildConfiguration;
			buildSettings = {
				ALWAYS_SEARCH_USER_PATHS = NO;
				CLANG_ANALYZER_LOCALIZABILITY_NONLOCALIZED = YES;
				CLANG_ANALYZER_NONNULL = YES;
				CLANG_ANALYZER_NUMBER_OBJECT_CONVERSION = YES_AGGRESSIVE;
				CLANG_CXX_LANGUAGE_STANDARD = "gnu++14";
				CLANG_CXX_LIBRARY = "libc++";
				CLANG_ENABLE_MODULES = YES;
				CLANG_ENABLE_OBJC_ARC = YES;
				CLANG_ENABLE_OBJC_WEAK = YES;
				CLANG_WARN_BLOCK_CAPTURE_AUTORELEASING = YES;
				CLANG_WARN_BOOL_CONVERSION = YES;
				CLANG_WARN_COMMA = YES;
				CLANG_WARN_CONSTANT_CONVERSION = YES;
				CLANG_WARN_DEPRECATED_OBJC_IMPLEMENTATIONS = YES;
				CLANG_WARN_DIRECT_OBJC_ISA_USAGE = YES_ERROR;
				CLANG_WARN_DOCUMENTATION_COMMENTS = YES;
				CLANG_WARN_EMPTY_BODY = YES;
				CLANG_WARN_ENUM_CONVERSION = YES;
				CLANG_WARN_INFINITE_RECURSION = YES;
				CLANG_WARN_INT_CONVERSION = YES;
				CLANG_WARN_NON_LITERAL_NULL_CONVERSION = YES;
				CLANG_WARN_OBJC_IMPLICIT_RETAIN_SELF = YES;
				CLANG_WARN_OBJC_LITERAL_CONVERSION = YES;
				CLANG_WARN_OBJC_ROOT_CLASS = YES_ERROR;
				CLANG_WARN_QUOTED_INCLUDE_IN_FRAMEWORK_HEADER = YES;
				CLANG_WARN_RANGE_LOOP_ANALYSIS = YES;
				CLANG_WARN_STRICT_PROTOTYPES = YES;
				CLANG_WARN_SUSPICIOUS_MOVE = YES;
				CLANG_WARN_UNGUARDED_AVAILABILITY = YES_AGGRESSIVE;
				CLANG_WARN_UNREACHABLE_CODE = YES;
				CLANG_WARN__DUPLICATE_METHOD_MATCH = YES;
				COPY_PHASE_STRIP = NO;
				DEBUG_INFORMATION_FORMAT = "dwarf-with-dsym";
				ENABLE_NS_ASSERTIONS = NO;
				ENABLE_STRICT_OBJC_MSGSEND = YES;
				GCC_C_LANGUAGE_STANDARD = gnu11;
				GCC_NO_COMMON_BLOCKS = YES;
				GCC_WARN_64_TO_32_BIT_CONVERSION = YES;
				GCC_WARN_ABOUT_RETURN_TYPE = YES_ERROR;
				GCC_WARN_UNDECLARED_SELECTOR = YES;
				GCC_WARN_UNINITIALIZED_AUTOS = YES_AGGRESSIVE;
				GCC_WARN_UNUSED_FUNCTION = YES;
				GCC_WARN_UNUSED_VARIABLE = YES;
				IPHONEOS_DEPLOYMENT_TARGET = 12.0;
				MTL_ENABLE_DEBUG_INFO = NO;
				MTL_FAST_MATH = YES;
				ONLY_ACTIVE_ARCH = YES;
				PRODUCT_NAME = "";
				SDKROOT = iphoneos;
				SWIFT_COMPILATION_MODE = wholemodule;
				SWIFT_OPTIMIZATION_LEVEL = "-O";
				VALIDATE_PRODUCT = YES;
			};
			name = Release;
		};
		36C6C21525756765008D66D5 /* Debug */ = {
			isa = XCBuildConfiguration;
			baseConfigurationReference = 86EED105F0D37BF218F5609C /* Pods-Speedometer.debug.xcconfig */;
			buildSettings = {
				ASSETCATALOG_COMPILER_APPICON_NAME = AppIcon;
				ASSETCATALOG_COMPILER_GLOBAL_ACCENT_COLOR_NAME = AccentColor;
				CODE_SIGN_ENTITLEMENTS = Speedometer/Speedometer.entitlements;
				CODE_SIGN_STYLE = Automatic;
				DEBUG_INFORMATION_FORMAT = "dwarf-with-dsym";
				DEVELOPMENT_TEAM = 43THU6L26P;
				INFOPLIST_FILE = "Speedometer/Supporting Files/Plist/Debug.plist";
				IPHONEOS_DEPLOYMENT_TARGET = 12.0;
				LD_RUNPATH_SEARCH_PATHS = (
					"$(inherited)",
					"@executable_path/Frameworks",
				);
				ONLY_ACTIVE_ARCH = YES;
				PRODUCT_BUNDLE_IDENTIFIER = com.ferhanakkan.Speedometers.debu;
				PRODUCT_NAME = Debug;
				SWIFT_VERSION = 5.0;
				TARGETED_DEVICE_FAMILY = "1,2";
			};
			name = Debug;
		};
		36C6C21625756765008D66D5 /* Release */ = {
			isa = XCBuildConfiguration;
			baseConfigurationReference = FE02E3D6AC3CDBA28042F2D4 /* Pods-Speedometer.release.xcconfig */;
			buildSettings = {
				ASSETCATALOG_COMPILER_APPICON_NAME = AppIcon;
				ASSETCATALOG_COMPILER_GLOBAL_ACCENT_COLOR_NAME = AccentColor;
				CODE_SIGN_ENTITLEMENTS = Speedometer/Speedometer.entitlements;
				CODE_SIGN_STYLE = Automatic;
				DEVELOPMENT_TEAM = 43THU6L26P;
				INFOPLIST_FILE = "Speedometer/Supporting Files/Plist/Release.plist";
				IPHONEOS_DEPLOYMENT_TARGET = 12.0;
				LD_RUNPATH_SEARCH_PATHS = (
					"$(inherited)",
					"@executable_path/Frameworks",
				);
				ONLY_ACTIVE_ARCH = YES;
				PRODUCT_BUNDLE_IDENTIFIER = com.ferhanakkan.Speedometers;
				PRODUCT_NAME = Speedometer;
				SWIFT_VERSION = 5.0;
				TARGETED_DEVICE_FAMILY = "1,2";
			};
			name = Release;
		};
		36C6C2A225758CF8008D66D5 /* Test */ = {
			isa = XCBuildConfiguration;
			buildSettings = {
				ALWAYS_SEARCH_USER_PATHS = NO;
				CLANG_ANALYZER_LOCALIZABILITY_NONLOCALIZED = YES;
				CLANG_ANALYZER_NONNULL = YES;
				CLANG_ANALYZER_NUMBER_OBJECT_CONVERSION = YES_AGGRESSIVE;
				CLANG_CXX_LANGUAGE_STANDARD = "gnu++14";
				CLANG_CXX_LIBRARY = "libc++";
				CLANG_ENABLE_MODULES = YES;
				CLANG_ENABLE_OBJC_ARC = YES;
				CLANG_ENABLE_OBJC_WEAK = YES;
				CLANG_WARN_BLOCK_CAPTURE_AUTORELEASING = YES;
				CLANG_WARN_BOOL_CONVERSION = YES;
				CLANG_WARN_COMMA = YES;
				CLANG_WARN_CONSTANT_CONVERSION = YES;
				CLANG_WARN_DEPRECATED_OBJC_IMPLEMENTATIONS = YES;
				CLANG_WARN_DIRECT_OBJC_ISA_USAGE = YES_ERROR;
				CLANG_WARN_DOCUMENTATION_COMMENTS = YES;
				CLANG_WARN_EMPTY_BODY = YES;
				CLANG_WARN_ENUM_CONVERSION = YES;
				CLANG_WARN_INFINITE_RECURSION = YES;
				CLANG_WARN_INT_CONVERSION = YES;
				CLANG_WARN_NON_LITERAL_NULL_CONVERSION = YES;
				CLANG_WARN_OBJC_IMPLICIT_RETAIN_SELF = YES;
				CLANG_WARN_OBJC_LITERAL_CONVERSION = YES;
				CLANG_WARN_OBJC_ROOT_CLASS = YES_ERROR;
				CLANG_WARN_QUOTED_INCLUDE_IN_FRAMEWORK_HEADER = YES;
				CLANG_WARN_RANGE_LOOP_ANALYSIS = YES;
				CLANG_WARN_STRICT_PROTOTYPES = YES;
				CLANG_WARN_SUSPICIOUS_MOVE = YES;
				CLANG_WARN_UNGUARDED_AVAILABILITY = YES_AGGRESSIVE;
				CLANG_WARN_UNREACHABLE_CODE = YES;
				CLANG_WARN__DUPLICATE_METHOD_MATCH = YES;
				COPY_PHASE_STRIP = NO;
				DEBUG_INFORMATION_FORMAT = "dwarf-with-dsym";
				ENABLE_NS_ASSERTIONS = NO;
				ENABLE_STRICT_OBJC_MSGSEND = YES;
				GCC_C_LANGUAGE_STANDARD = gnu11;
				GCC_NO_COMMON_BLOCKS = YES;
				GCC_WARN_64_TO_32_BIT_CONVERSION = YES;
				GCC_WARN_ABOUT_RETURN_TYPE = YES_ERROR;
				GCC_WARN_UNDECLARED_SELECTOR = YES;
				GCC_WARN_UNINITIALIZED_AUTOS = YES_AGGRESSIVE;
				GCC_WARN_UNUSED_FUNCTION = YES;
				GCC_WARN_UNUSED_VARIABLE = YES;
				IPHONEOS_DEPLOYMENT_TARGET = 12.0;
				MTL_ENABLE_DEBUG_INFO = NO;
				MTL_FAST_MATH = YES;
				ONLY_ACTIVE_ARCH = YES;
				SDKROOT = iphoneos;
				SWIFT_COMPILATION_MODE = wholemodule;
				SWIFT_OPTIMIZATION_LEVEL = "-O";
				VALIDATE_PRODUCT = YES;
			};
			name = Test;
		};
		36C6C2A325758CF8008D66D5 /* Test */ = {
			isa = XCBuildConfiguration;
			baseConfigurationReference = E405900AE501ECB8EAE8E6F1 /* Pods-Speedometer.test.xcconfig */;
			buildSettings = {
				ASSETCATALOG_COMPILER_APPICON_NAME = AppIcon;
				ASSETCATALOG_COMPILER_GLOBAL_ACCENT_COLOR_NAME = AccentColor;
				CODE_SIGN_ENTITLEMENTS = Speedometer/Speedometer.entitlements;
				CODE_SIGN_STYLE = Automatic;
				DEVELOPMENT_TEAM = 43THU6L26P;
				INFOPLIST_FILE = "Speedometer/Supporting Files/Plist/Test.plist";
				IPHONEOS_DEPLOYMENT_TARGET = 12.0;
				LD_RUNPATH_SEARCH_PATHS = (
					"$(inherited)",
					"@executable_path/Frameworks",
				);
				ONLY_ACTIVE_ARCH = YES;
				PRODUCT_BUNDLE_IDENTIFIER = com.ferhanakkan.Speedometers.test;
				PRODUCT_NAME = Test;
				SWIFT_VERSION = 5.0;
				TARGETED_DEVICE_FAMILY = "1,2";
			};
			name = Test;
		};
/* End XCBuildConfiguration section */

/* Begin XCConfigurationList section */
		36C6C1FB25756763008D66D5 /* Build configuration list for PBXProject "Speedometer" */ = {
			isa = XCConfigurationList;
			buildConfigurations = (
				36C6C21225756765008D66D5 /* Debug */,
				36C6C21325756765008D66D5 /* Release */,
				36C6C2A225758CF8008D66D5 /* Test */,
			);
			defaultConfigurationIsVisible = 0;
			defaultConfigurationName = Release;
		};
		36C6C21425756765008D66D5 /* Build configuration list for PBXNativeTarget "Speedometer" */ = {
			isa = XCConfigurationList;
			buildConfigurations = (
				36C6C21525756765008D66D5 /* Debug */,
				36C6C21625756765008D66D5 /* Release */,
				36C6C2A325758CF8008D66D5 /* Test */,
			);
			defaultConfigurationIsVisible = 0;
			defaultConfigurationName = Release;
		};
/* End XCConfigurationList section */
	};
	rootObject = 36C6C1F825756763008D66D5 /* Project object */;
}
